
Microsoft Visual Studio Solution File, Format Version 12.00
# Visual Studio Version 17
VisualStudioVersion = 17.14.36811.4 d17.14
MinimumVisualStudioVersion = 10.0.40219.1
Project("{FAE04EC0-301F-11D3-BF4B-00C04F79EFBC}") = "WpfUP", "WpfUP\WpfUP.csproj", "{015763FC-FA39-403E-B8E4-FC2A5652295B}"
EndProject
Global
	GlobalSection(SolutionConfigurationPlatforms) = preSolution
		Debug|Any CPU = Debug|Any CPU
		Release|Any CPU = Release|Any CPU
	EndGlobalSection
	GlobalSection(ProjectConfigurationPlatforms) = postSolution
		{015763FC-FA39-403E-B8E4-FC2A5652295B}.Debug|Any CPU.ActiveCfg = Debug|Any CPU
		{015763FC-FA39-403E-B8E4-FC2A5652295B}.Debug|Any CPU.Build.0 = Debug|Any CPU
		{015763FC-FA39-403E-B8E4-FC2A5652295B}.Release|Any CPU.ActiveCfg = Release|Any CPU
		{015763FC-FA39-403E-B8E4-FC2A5652295B}.Release|Any CPU.Build.0 = Release|Any CPU
	EndGlobalSection
	GlobalSection(SolutionProperties) = preSolution
		HideSolutionNode = FALSE
	EndGlobalSection
	GlobalSection(ExtensibilityGlobals) = postSolution
		SolutionGuid = {C66320A7-BDC6-4A95-84B2-BCF131A76A05}
	EndGlobalSection
EndGlobal
